
Microsoft Visual Studio Solution File, Format Version 12.00
# Visual Studio Version 17
VisualStudioVersion = 17.3.32929.385
MinimumVisualStudioVersion = 10.0.40219.1
Project("{FAE04EC0-301F-11D3-BF4B-00C04F79EFBC}") = "Tombola", "Tombola\Tombola.csproj", "{53EA8ABA-827A-468D-A00D-DCBDF1C91CB1}"
EndProject
Global
	GlobalSection(SolutionConfigurationPlatforms) = preSolution
		Debug|Any CPU = Debug|Any CPU
		Release|Any CPU = Release|Any CPU
	EndGlobalSection
	GlobalSection(ProjectConfigurationPlatforms) = postSolution
		{53EA8ABA-827A-468D-A00D-DCBDF1C91CB1}.Debug|Any CPU.ActiveCfg = Debug|Any CPU
		{53EA8ABA-827A-468D-A00D-DCBDF1C91CB1}.Debug|Any CPU.Build.0 = Debug|Any CPU
		{53EA8ABA-827A-468D-A00D-DCBDF1C91CB1}.Release|Any CPU.ActiveCfg = Release|Any CPU
		{53EA8ABA-827A-468D-A00D-DCBDF1C91CB1}.Release|Any CPU.Build.0 = Release|Any CPU
	EndGlobalSection
	GlobalSection(SolutionProperties) = preSolution
		HideSolutionNode = FALSE
	EndGlobalSection
	GlobalSection(ExtensibilityGlobals) = postSolution
		SolutionGuid = {B8CE0C75-BC83-4D06-8933-4366220284F7}
	EndGlobalSection
EndGlobal
